
Microsoft Visual Studio Solution File, Format Version 12.00
# Visual Studio Version 17
VisualStudioVersion = 17.10.35122.118
MinimumVisualStudioVersion = 10.0.40219.1
Project("{FAE04EC0-301F-11D3-BF4B-00C04F79EFBC}") = "Hello", "Hello\Hello.csproj", "{C0F730E7-5B2A-4DF9-B42B-C1D8823507F7}"
EndProject
Global
	GlobalSection(SolutionConfigurationPlatforms) = preSolution
		Debug|Any CPU = Debug|Any CPU
		Release|Any CPU = Release|Any CPU
	EndGlobalSection
	GlobalSection(ProjectConfigurationPlatforms) = postSolution
		{C0F730E7-5B2A-4DF9-B42B-C1D8823507F7}.Debug|Any CPU.ActiveCfg = Debug|Any CPU
		{C0F730E7-5B2A-4DF9-B42B-C1D8823507F7}.Debug|Any CPU.Build.0 = Debug|Any CPU
		{C0F730E7-5B2A-4DF9-B42B-C1D8823507F7}.Release|Any CPU.ActiveCfg = Release|Any CPU
		{C0F730E7-5B2A-4DF9-B42B-C1D8823507F7}.Release|Any CPU.Build.0 = Release|Any CPU
	EndGlobalSection
	GlobalSection(SolutionProperties) = preSolution
		HideSolutionNode = FALSE
	EndGlobalSection
	GlobalSection(ExtensibilityGlobals) = postSolution
		SolutionGuid = {D67486E6-5BF7-4703-BC08-A91EBF34F04C}
	EndGlobalSection
EndGlobal
