
Microsoft Visual Studio Solution File, Format Version 12.00
# Visual Studio Version 17
VisualStudioVersion = 17.10.35122.118
MinimumVisualStudioVersion = 10.0.40219.1
Project("{FAE04EC0-301F-11D3-BF4B-00C04F79EFBC}") = "Linear_Search", "Linear_Search\Linear_Search.csproj", "{40250E3D-A688-4E2F-861B-4EADC6E70F58}"
EndProject
Global
	GlobalSection(SolutionConfigurationPlatforms) = preSolution
		Debug|Any CPU = Debug|Any CPU
		Release|Any CPU = Release|Any CPU
	EndGlobalSection
	GlobalSection(ProjectConfigurationPlatforms) = postSolution
		{40250E3D-A688-4E2F-861B-4EADC6E70F58}.Debug|Any CPU.ActiveCfg = Debug|Any CPU
		{40250E3D-A688-4E2F-861B-4EADC6E70F58}.Debug|Any CPU.Build.0 = Debug|Any CPU
		{40250E3D-A688-4E2F-861B-4EADC6E70F58}.Release|Any CPU.ActiveCfg = Release|Any CPU
		{40250E3D-A688-4E2F-861B-4EADC6E70F58}.Release|Any CPU.Build.0 = Release|Any CPU
	EndGlobalSection
	GlobalSection(SolutionProperties) = preSolution
		HideSolutionNode = FALSE
	EndGlobalSection
	GlobalSection(ExtensibilityGlobals) = postSolution
		SolutionGuid = {0F216D2F-4D9D-477A-BFF9-04A2900001B1}
	EndGlobalSection
EndGlobal
