
Microsoft Visual Studio Solution File, Format Version 12.00
# Visual Studio Version 17
VisualStudioVersion = 17.10.35122.118
MinimumVisualStudioVersion = 10.0.40219.1
Project("{FAE04EC0-301F-11D3-BF4B-00C04F79EFBC}") = "Perfect Square", "Perfect Square\Perfect Square.csproj", "{328ED993-5844-4D30-8E3D-453569F33A57}"
EndProject
Global
	GlobalSection(SolutionConfigurationPlatforms) = preSolution
		Debug|Any CPU = Debug|Any CPU
		Release|Any CPU = Release|Any CPU
	EndGlobalSection
	GlobalSection(ProjectConfigurationPlatforms) = postSolution
		{328ED993-5844-4D30-8E3D-453569F33A57}.Debug|Any CPU.ActiveCfg = Debug|Any CPU
		{328ED993-5844-4D30-8E3D-453569F33A57}.Debug|Any CPU.Build.0 = Debug|Any CPU
		{328ED993-5844-4D30-8E3D-453569F33A57}.Release|Any CPU.ActiveCfg = Release|Any CPU
		{328ED993-5844-4D30-8E3D-453569F33A57}.Release|Any CPU.Build.0 = Release|Any CPU
	EndGlobalSection
	GlobalSection(SolutionProperties) = preSolution
		HideSolutionNode = FALSE
	EndGlobalSection
	GlobalSection(ExtensibilityGlobals) = postSolution
		SolutionGuid = {F5D8176C-64E6-43A0-B3D1-D5A825AC1D27}
	EndGlobalSection
EndGlobal
