
Microsoft Visual Studio Solution File, Format Version 12.00
# Visual Studio Version 17
VisualStudioVersion = 17.10.35122.118
MinimumVisualStudioVersion = 10.0.40219.1
Project("{FAE04EC0-301F-11D3-BF4B-00C04F79EFBC}") = "Matrix_Multiplication", "Matrix_Multiplication.csproj", "{BDCA01C2-1C00-42AB-AE7B-264F72D40A14}"
EndProject
Global
	GlobalSection(SolutionConfigurationPlatforms) = preSolution
		Debug|Any CPU = Debug|Any CPU
		Release|Any CPU = Release|Any CPU
	EndGlobalSection
	GlobalSection(ProjectConfigurationPlatforms) = postSolution
		{BDCA01C2-1C00-42AB-AE7B-264F72D40A14}.Debug|Any CPU.ActiveCfg = Debug|Any CPU
		{BDCA01C2-1C00-42AB-AE7B-264F72D40A14}.Debug|Any CPU.Build.0 = Debug|Any CPU
		{BDCA01C2-1C00-42AB-AE7B-264F72D40A14}.Release|Any CPU.ActiveCfg = Release|Any CPU
		{BDCA01C2-1C00-42AB-AE7B-264F72D40A14}.Release|Any CPU.Build.0 = Release|Any CPU
	EndGlobalSection
	GlobalSection(SolutionProperties) = preSolution
		HideSolutionNode = FALSE
	EndGlobalSection
	GlobalSection(ExtensibilityGlobals) = postSolution
		SolutionGuid = {DFAA510D-5CC0-40DD-8FFA-3A11A470EFD8}
	EndGlobalSection
EndGlobal
